
Microsoft Visual Studio Solution File, Format Version 12.00
# Visual Studio Version 17
VisualStudioVersion = 17.4.33213.308
MinimumVisualStudioVersion = 10.0.40219.1
Project("{FAE04EC0-301F-11D3-BF4B-00C04F79EFBC}") = "MigrationPatternSimulation", "MigrationPatternSimulation\MigrationPatternSimulation.csproj", "{227F7E85-F353-414C-A188-96868830A9EA}"
EndProject
Global
	GlobalSection(SolutionConfigurationPlatforms) = preSolution
		Debug|Any CPU = Debug|Any CPU
		Release|Any CPU = Release|Any CPU
	EndGlobalSection
	GlobalSection(ProjectConfigurationPlatforms) = postSolution
		{227F7E85-F353-414C-A188-96868830A9EA}.Debug|Any CPU.ActiveCfg = Debug|Any CPU
		{227F7E85-F353-414C-A188-96868830A9EA}.Debug|Any CPU.Build.0 = Debug|Any CPU
		{227F7E85-F353-414C-A188-96868830A9EA}.Release|Any CPU.ActiveCfg = Release|Any CPU
		{227F7E85-F353-414C-A188-96868830A9EA}.Release|Any CPU.Build.0 = Release|Any CPU
	EndGlobalSection
	GlobalSection(SolutionProperties) = preSolution
		HideSolutionNode = FALSE
	EndGlobalSection
	GlobalSection(ExtensibilityGlobals) = postSolution
		SolutionGuid = {E6DC6BBB-FD29-42BB-A830-AC5A29E72961}
	EndGlobalSection
EndGlobal
